
Microsoft Visual Studio Solution File, Format Version 12.00
# Visual Studio Version 17
VisualStudioVersion = 17.3.32929.385
MinimumVisualStudioVersion = 10.0.40219.1
Project("{FAE04EC0-301F-11D3-BF4B-00C04F79EFBC}") = "Практическая Ледовских 1", "Практическая Ледовских 1\Практическая Ледовских 1.csproj", "{21BDC631-2A50-45C8-B843-FC999AA310D8}"
EndProject
Global
	GlobalSection(SolutionConfigurationPlatforms) = preSolution
		Debug|Any CPU = Debug|Any CPU
		Release|Any CPU = Release|Any CPU
	EndGlobalSection
	GlobalSection(ProjectConfigurationPlatforms) = postSolution
		{21BDC631-2A50-45C8-B843-FC999AA310D8}.Debug|Any CPU.ActiveCfg = Debug|Any CPU
		{21BDC631-2A50-45C8-B843-FC999AA310D8}.Debug|Any CPU.Build.0 = Debug|Any CPU
		{21BDC631-2A50-45C8-B843-FC999AA310D8}.Release|Any CPU.ActiveCfg = Release|Any CPU
		{21BDC631-2A50-45C8-B843-FC999AA310D8}.Release|Any CPU.Build.0 = Release|Any CPU
	EndGlobalSection
	GlobalSection(SolutionProperties) = preSolution
		HideSolutionNode = FALSE
	EndGlobalSection
	GlobalSection(ExtensibilityGlobals) = postSolution
		SolutionGuid = {8B9BBD54-6735-4DBD-91DC-DF37AA0932AA}
	EndGlobalSection
EndGlobal
